<?xml version="1.0" encoding="utf-8"?>
<Project ToolsVersion="4.0" xmlns="http://schemas.microsoft.com/developer/msbuild/2003">
  <ItemGroup>
    <Filter Include="Common">
      <UniqueIdentifier>be9b933c-5ba4-4b75-8a03-402244ddb78b</UniqueIdentifier>
    </Filter>
    <Filter Include="Assets">
      <UniqueIdentifier>558da2db-1cd8-4033-9858-2a5e9328268c</UniqueIdentifier>
      <Extensions>ico;cur;bmp;dds;dlg;fbx;rct;bin;rgs;gif;jpg;jpeg;jpe;resx;tga;tiff;tif;png;wav;mfcribbon-ms</Extensions>
    </Filter>
    <Filter Include="Rendering">
      <UniqueIdentifier>{40238b9b-2d65-45a3-9dff-1217399e25f8}</UniqueIdentifier>
    </Filter>
    <Filter Include="Rendering\Camera Classes">
      <UniqueIdentifier>{506627cf-6af6-4ad4-be9d-f175a78b5dd3}</UniqueIdentifier>
    </Filter>
    <Filter Include="Assets\Textures">
      <UniqueIdentifier>{059afbad-ff6b-44a2-b399-23bc2482a42b}</UniqueIdentifier>
    </Filter>
    <Filter Include="Modelling">
      <UniqueIdentifier>{60b172f8-1be2-47b7-bad2-e00b1eaefc1b}</UniqueIdentifier>
    </Filter>
    <Filter Include="Assets\Shaders">
      <UniqueIdentifier>{f529fe65-ede5-4321-b5c9-5a9385d2396f}</UniqueIdentifier>
    </Filter>
    <Filter Include="Narrative">
      <UniqueIdentifier>{aea32c18-7af7-410b-ab35-f575c3a51aaf}</UniqueIdentifier>
    </Filter>
    <Filter Include="Imgui">
      <UniqueIdentifier>{f4975539-b864-4273-aaa3-fe56ef605678}</UniqueIdentifier>
    </Filter>
  </ItemGroup>
  <ItemGroup>
    <ClInclude Include="pch.h" />
    <ClInclude Include="Game.h" />
    <ClInclude Include="StepTimer.h">
      <Filter>Common</Filter>
    </ClInclude>
    <ClInclude Include="DeviceResources.h">
      <Filter>Common</Filter>
    </ClInclude>
    <ClInclude Include="ReadData.h" />
    <ClInclude Include="modelclass.h">
      <Filter>Rendering</Filter>
    </ClInclude>
    <ClInclude Include="Light.h">
      <Filter>Rendering</Filter>
    </ClInclude>
    <ClInclude Include="Input.h" />
    <ClInclude Include="RenderTexture.h">
      <Filter>Rendering</Filter>
    </ClInclude>
    <ClInclude Include="Camera.h">
      <Filter>Rendering\Camera Classes</Filter>
    </ClInclude>
    <ClInclude Include="EnvironmentCamera.h">
      <Filter>Rendering\Camera Classes</Filter>
    </ClInclude>
    <ClInclude Include="MarchingCubes.h">
      <Filter>Modelling</Filter>
    </ClInclude>
    <ClInclude Include="Terrain.h">
      <Filter>Modelling</Filter>
    </ClInclude>
    <ClInclude Include="ClassicNoise.h">
      <Filter>Modelling</Filter>
    </ClInclude>
    <ClInclude Include="SimplexNoise.h">
      <Filter>Modelling</Filter>
    </ClInclude>
    <ClInclude Include="HexBoard.h">
      <Filter>Modelling</Filter>
    </ClInclude>
    <ClInclude Include="Field.h">
      <Filter>Modelling</Filter>
    </ClInclude>
    <ClInclude Include="Shader.h">
      <Filter>Rendering</Filter>
    </ClInclude>
    <ClInclude Include="LSystem.h">
      <Filter>Modelling</Filter>
    </ClInclude>
    <ClInclude Include="Screen.h">
      <Filter>Rendering</Filter>
    </ClInclude>
    <ClInclude Include="imconfig.h" />
    <ClInclude Include="imgui.h">
      <Filter>Imgui</Filter>
    </ClInclude>
    <ClInclude Include="imgui_impl_dx11.h">
      <Filter>Imgui</Filter>
    </ClInclude>
    <ClInclude Include="imgui_impl_win32.h">
      <Filter>Imgui</Filter>
    </ClInclude>
    <ClInclude Include="imgui_internal.h">
      <Filter>Imgui</Filter>
    </ClInclude>
    <ClInclude Include="imstb_rectpack.h">
      <Filter>Imgui</Filter>
    </ClInclude>
    <ClInclude Include="imstb_textedit.h">
      <Filter>Imgui</Filter>
    </ClInclude>
    <ClInclude Include="imstb_truetype.h">
      <Filter>Imgui</Filter>
    </ClInclude>
  </ItemGroup>
  <ItemGroup>
    <ClCompile Include="pch.cpp" />
    <ClCompile Include="Game.cpp" />
    <ClCompile Include="Main.cpp" />
    <ClCompile Include="DeviceResources.cpp">
      <Filter>Common</Filter>
    </ClCompile>
    <ClCompile Include="modelclass.cpp">
      <Filter>Rendering</Filter>
    </ClCompile>
    <ClCompile Include="Light.cpp">
      <Filter>Rendering</Filter>
    </ClCompile>
    <ClCompile Include="Input.cpp" />
    <ClCompile Include="RenderTexture.cpp">
      <Filter>Rendering</Filter>
    </ClCompile>
    <ClCompile Include="Camera.cpp">
      <Filter>Rendering\Camera Classes</Filter>
    </ClCompile>
    <ClCompile Include="EnvironmentCamera.cpp">
      <Filter>Rendering\Camera Classes</Filter>
    </ClCompile>
    <ClCompile Include="MarchingCubes.cpp">
      <Filter>Modelling</Filter>
    </ClCompile>
    <ClCompile Include="Terrain.cpp">
      <Filter>Modelling</Filter>
    </ClCompile>
    <ClCompile Include="ClassicNoise.cpp">
      <Filter>Modelling</Filter>
    </ClCompile>
    <ClCompile Include="SimplexNoise.cpp">
      <Filter>Modelling</Filter>
    </ClCompile>
    <ClCompile Include="HexBoard.cpp">
      <Filter>Modelling</Filter>
    </ClCompile>
    <ClCompile Include="Field.cpp">
      <Filter>Modelling</Filter>
    </ClCompile>
    <ClCompile Include="Shader.cpp">
      <Filter>Rendering</Filter>
    </ClCompile>
    <ClCompile Include="LSystem.cpp">
      <Filter>Modelling</Filter>
    </ClCompile>
    <ClCompile Include="Screen.cpp">
      <Filter>Rendering</Filter>
    </ClCompile>
    <ClCompile Include="imgui.cpp">
      <Filter>Imgui</Filter>
    </ClCompile>
    <ClCompile Include="imgui_demo.cpp">
      <Filter>Imgui</Filter>
    </ClCompile>
    <ClCompile Include="imgui_draw.cpp">
      <Filter>Imgui</Filter>
    </ClCompile>
    <ClCompile Include="imgui_impl_dx11.cpp">
      <Filter>Imgui</Filter>
    </ClCompile>
    <ClCompile Include="imgui_impl_win32.cpp">
      <Filter>Imgui</Filter>
    </ClCompile>
    <ClCompile Include="imgui_widgets.cpp">
      <Filter>Imgui</Filter>
    </ClCompile>
  </ItemGroup>
  <ItemGroup>
    <ResourceCompile Include="resource.rc" />
  </ItemGroup>
  <ItemGroup>
    <Manifest Include="settings.manifest">
      <Filter>Assets</Filter>
    </Manifest>
  </ItemGroup>
  <ItemGroup>
    <None Include="SegoeUI_18.spritefont">
      <Filter>Assets</Filter>
    </None>
    <None Include="packages.config" />
  </ItemGroup>
  <ItemGroup>
    <Image Include="directx.ico">
      <Filter>Assets</Filter>
    </Image>
    <Image Include="sample_nm.dds">
      <Filter>Assets\Textures</Filter>
    </Image>
    <Image Include="brine_texture.dds">
      <Filter>Assets\Textures</Filter>
    </Image>
    <Image Include="EvilDrone_Diff.dds">
      <Filter>Assets\Textures</Filter>
    </Image>
    <Image Include="glass_texture.dds">
      <Filter>Assets\Textures</Filter>
    </Image>
    <Image Include="Stylized_Stone_Floor_005_normal.dds">
      <Filter>Assets\Textures</Filter>
    </Image>
    <Image Include="Specimen-Jar-_1-Normal.dds">
      <Filter>Assets\Textures</Filter>
    </Image>
    <Image Include="Stylized_Stone_Floor_005_basecolor.dds">
      <Filter>Assets\Textures</Filter>
    </Image>
  </ItemGroup>
  <ItemGroup>
    <FxCompile Include="light3D_ps.hlsl">
      <Filter>Assets\Shaders</Filter>
    </FxCompile>
    <FxCompile Include="light3D_vs.hlsl">
      <Filter>Assets\Shaders</Filter>
    </FxCompile>
    <FxCompile Include="neutral_ps.hlsl">
      <Filter>Assets\Shaders</Filter>
    </FxCompile>
    <FxCompile Include="neutral_vs.hlsl">
      <Filter>Assets\Shaders</Filter>
    </FxCompile>
    <FxCompile Include="texture_ps.hlsl">
      <Filter>Assets\Shaders</Filter>
    </FxCompile>
    <FxCompile Include="texture_vs.hlsl">
      <Filter>Assets\Shaders</Filter>
    </FxCompile>
    <FxCompile Include="vignette_ps_001.hlsl">
      <Filter>Assets\Shaders</Filter>
    </FxCompile>
    <FxCompile Include="post_process_vs.hlsl">
      <Filter>Assets\Shaders</Filter>
    </FxCompile>
    <FxCompile Include="vignette_ps_002.hlsl">
      <Filter>Assets\Shaders</Filter>
    </FxCompile>
    <FxCompile Include="vignette_ps_003.hlsl">
      <Filter>Assets\Shaders</Filter>
    </FxCompile>
    <FxCompile Include="hex_vignette_ps_001.hlsl">
      <Filter>Assets\Shaders</Filter>
    </FxCompile>
    <FxCompile Include="hex_vignette_ps_002.hlsl">
      <Filter>Assets\Shaders</Filter>
    </FxCompile>
    <FxCompile Include="hex_vignette_ps_003.hlsl">
      <Filter>Assets\Shaders</Filter>
    </FxCompile>
    <FxCompile Include="hex_vignette_ps_004.hlsl">
      <Filter>Assets\Shaders</Filter>
    </FxCompile>
    <FxCompile Include="vignette_ps_004.hlsl">
      <Filter>Assets\Shaders</Filter>
    </FxCompile>
    <FxCompile Include="screen_ps_001.hlsl">
      <Filter>Assets\Shaders</Filter>
    </FxCompile>
    <FxCompile Include="blur_ps.hlsl">
      <Filter>Assets\Shaders</Filter>
    </FxCompile>
  </ItemGroup>
</Project>